
Microsoft Visual Studio Solution File, Format Version 12.00
# Visual Studio Version 17
VisualStudioVersion = 17.0.31903.59
MinimumVisualStudioVersion = 10.0.40219.1

# Shared Projects
Project("{FAE04EC0-301F-11D3-BF4B-00C04F79EFBC}") = "Shared.Domain", "src\Shared\Shared.Domain\Shared.Domain.csproj", "{10000000-0000-0000-0000-000000000001}"
EndProject
Project("{FAE04EC0-301F-11D3-BF4B-00C04F79EFBC}") = "Shared.Contracts", "src\Shared\Shared.Contracts\Shared.Contracts.csproj", "{10000000-0000-0000-0000-000000000002}"
EndProject
Project("{FAE04EC0-301F-11D3-BF4B-00C04F79EFBC}") = "Shared.Infrastructure", "src\Shared\Shared.Infrastructure\Shared.Infrastructure.csproj", "{10000000-0000-0000-0000-000000000003}"
EndProject

# Core Services
Project("{FAE04EC0-301F-11D3-BF4B-00C04F79EFBC}") = "AuthService.Api", "src\AuthService.Api\AuthService.Api.csproj", "{20000000-0000-0000-0000-000000000001}"
EndProject
Project("{FAE04EC0-301F-11D3-BF4B-00C04F79EFBC}") = "UserProfileService.Api", "src\UserProfileService.Api\UserProfileService.Api.csproj", "{20000000-0000-0000-0000-000000000002}"
EndProject

# Feed Module
Project("{FAE04EC0-301F-11D3-BF4B-00C04F79EFBC}") = "PostFeedService.Api", "src\PostFeedService.Api\PostFeedService.Api.csproj", "{30000000-0000-0000-0000-000000000001}"
EndProject

# Chat Module
Project("{FAE04EC0-301F-11D3-BF4B-00C04F79EFBC}") = "ChatService.Api", "src\ChatService.Api\ChatService.Api.csproj", "{40000000-0000-0000-0000-000000000001}"
EndProject

# Video Module
Project("{FAE04EC0-301F-11D3-BF4B-00C04F79EFBC}") = "VideoService.Api", "src\VideoService.Api\VideoService.Api.csproj", "{50000000-0000-0000-0000-000000000001}"
EndProject
Project("{FAE04EC0-301F-11D3-BF4B-00C04F79EFBC}") = "VideoProcessing.Worker", "src\VideoProcessing.Worker\VideoProcessing.Worker.csproj", "{50000000-0000-0000-0000-000000000002}"
EndProject

# Supporting Services
Project("{FAE04EC0-301F-11D3-BF4B-00C04F79EFBC}") = "NotificationService.Api", "src\NotificationService.Api\NotificationService.Api.csproj", "{60000000-0000-0000-0000-000000000001}"
EndProject
Project("{FAE04EC0-301F-11D3-BF4B-00C04F79EFBC}") = "MediaService.Api", "src\MediaService.Api\MediaService.Api.csproj", "{60000000-0000-0000-0000-000000000002}"
EndProject

# Infrastructure
Project("{FAE04EC0-301F-11D3-BF4B-00C04F79EFBC}") = "Realtime.Api", "src\Realtime.Api\Realtime.Api.csproj", "{70000000-0000-0000-0000-000000000001}"
EndProject
Project("{FAE04EC0-301F-11D3-BF4B-00C04F79EFBC}") = "Gateway.Api", "src\Gateway.Api\Gateway.Api.csproj", "{70000000-0000-0000-0000-000000000002}"
EndProject

Global
	GlobalSection(SolutionConfigurationPlatforms) = preSolution
		Debug|Any CPU = Debug|Any CPU
		Release|Any CPU = Release|Any CPU
	EndGlobalSection
	GlobalSection(ProjectConfigurationPlatforms) = postSolution
		{10000000-0000-0000-0000-000000000001}.Debug|Any CPU.ActiveCfg = Debug|Any CPU
		{10000000-0000-0000-0000-000000000001}.Debug|Any CPU.Build.0 = Debug|Any CPU
		{10000000-0000-0000-0000-000000000001}.Release|Any CPU.ActiveCfg = Release|Any CPU
		{10000000-0000-0000-0000-000000000001}.Release|Any CPU.Build.0 = Release|Any CPU
		{10000000-0000-0000-0000-000000000002}.Debug|Any CPU.ActiveCfg = Debug|Any CPU
		{10000000-0000-0000-0000-000000000002}.Debug|Any CPU.Build.0 = Debug|Any CPU
		{10000000-0000-0000-0000-000000000002}.Release|Any CPU.ActiveCfg = Release|Any CPU
		{10000000-0000-0000-0000-000000000002}.Release|Any CPU.Build.0 = Release|Any CPU
		{10000000-0000-0000-0000-000000000003}.Debug|Any CPU.ActiveCfg = Debug|Any CPU
		{10000000-0000-0000-0000-000000000003}.Debug|Any CPU.Build.0 = Debug|Any CPU
		{10000000-0000-0000-0000-000000000003}.Release|Any CPU.ActiveCfg = Release|Any CPU
		{10000000-0000-0000-0000-000000000003}.Release|Any CPU.Build.0 = Release|Any CPU
		{20000000-0000-0000-0000-000000000001}.Debug|Any CPU.ActiveCfg = Debug|Any CPU
		{20000000-0000-0000-0000-000000000001}.Debug|Any CPU.Build.0 = Debug|Any CPU
		{20000000-0000-0000-0000-000000000001}.Release|Any CPU.ActiveCfg = Release|Any CPU
		{20000000-0000-0000-0000-000000000001}.Release|Any CPU.Build.0 = Release|Any CPU
		{20000000-0000-0000-0000-000000000002}.Debug|Any CPU.ActiveCfg = Debug|Any CPU
		{20000000-0000-0000-0000-000000000002}.Debug|Any CPU.Build.0 = Debug|Any CPU
		{20000000-0000-0000-0000-000000000002}.Release|Any CPU.ActiveCfg = Release|Any CPU
		{20000000-0000-0000-0000-000000000002}.Release|Any CPU.Build.0 = Release|Any CPU
		{30000000-0000-0000-0000-000000000001}.Debug|Any CPU.ActiveCfg = Debug|Any CPU
		{30000000-0000-0000-0000-000000000001}.Debug|Any CPU.Build.0 = Debug|Any CPU
		{30000000-0000-0000-0000-000000000001}.Release|Any CPU.ActiveCfg = Release|Any CPU
		{30000000-0000-0000-0000-000000000001}.Release|Any CPU.Build.0 = Release|Any CPU
		{40000000-0000-0000-0000-000000000001}.Debug|Any CPU.ActiveCfg = Debug|Any CPU
		{40000000-0000-0000-0000-000000000001}.Debug|Any CPU.Build.0 = Debug|Any CPU
		{40000000-0000-0000-0000-000000000001}.Release|Any CPU.ActiveCfg = Release|Any CPU
		{40000000-0000-0000-0000-000000000001}.Release|Any CPU.Build.0 = Release|Any CPU
		{50000000-0000-0000-0000-000000000001}.Debug|Any CPU.ActiveCfg = Debug|Any CPU
		{50000000-0000-0000-0000-000000000001}.Debug|Any CPU.Build.0 = Debug|Any CPU
		{50000000-0000-0000-0000-000000000001}.Release|Any CPU.ActiveCfg = Release|Any CPU
		{50000000-0000-0000-0000-000000000001}.Release|Any CPU.Build.0 = Release|Any CPU
		{50000000-0000-0000-0000-000000000002}.Debug|Any CPU.ActiveCfg = Debug|Any CPU
		{50000000-0000-0000-0000-000000000002}.Debug|Any CPU.Build.0 = Debug|Any CPU
		{50000000-0000-0000-0000-000000000002}.Release|Any CPU.ActiveCfg = Release|Any CPU
		{50000000-0000-0000-0000-000000000002}.Release|Any CPU.Build.0 = Release|Any CPU
		{60000000-0000-0000-0000-000000000001}.Debug|Any CPU.ActiveCfg = Debug|Any CPU
		{60000000-0000-0000-0000-000000000001}.Debug|Any CPU.Build.0 = Debug|Any CPU
		{60000000-0000-0000-0000-000000000001}.Release|Any CPU.ActiveCfg = Release|Any CPU
		{60000000-0000-0000-0000-000000000001}.Release|Any CPU.Build.0 = Release|Any CPU
		{60000000-0000-0000-0000-000000000002}.Debug|Any CPU.ActiveCfg = Debug|Any CPU
		{60000000-0000-0000-0000-000000000002}.Debug|Any CPU.Build.0 = Debug|Any CPU
		{60000000-0000-0000-0000-000000000002}.Release|Any CPU.ActiveCfg = Release|Any CPU
		{60000000-0000-0000-0000-000000000002}.Release|Any CPU.Build.0 = Release|Any CPU
		{70000000-0000-0000-0000-000000000001}.Debug|Any CPU.ActiveCfg = Debug|Any CPU
		{70000000-0000-0000-0000-000000000001}.Debug|Any CPU.Build.0 = Debug|Any CPU
		{70000000-0000-0000-0000-000000000001}.Release|Any CPU.ActiveCfg = Release|Any CPU
		{70000000-0000-0000-0000-000000000001}.Release|Any CPU.Build.0 = Release|Any CPU
		{70000000-0000-0000-0000-000000000002}.Debug|Any CPU.ActiveCfg = Debug|Any CPU
		{70000000-0000-0000-0000-000000000002}.Debug|Any CPU.Build.0 = Debug|Any CPU
		{70000000-0000-0000-0000-000000000002}.Release|Any CPU.ActiveCfg = Release|Any CPU
		{70000000-0000-0000-0000-000000000002}.Release|Any CPU.Build.0 = Release|Any CPU
	EndGlobalSection
	GlobalSection(SolutionProperties) = preSolution
		HideSolutionNode = FALSE
	EndGlobalSection
EndGlobal
